# Generated by pub
# See https://www.dartlang.org/tools/pub/glossary#lockfile
packages:
  audioplayers:
    dependency: "direct main"
    description:
      name: audioplayers
      url: "https://pub.dartlang.org"
    source: hosted
    version: "0.12.1"
  charcode:
    dependency: transitive
    description:
      name: charcode
      url: "https://pub.dartlang.org"
    source: hosted
    version: "1.1.2"
  collection:
    dependency: transitive
    description:
      name: collection
      url: "https://pub.dartlang.org"
    source: hosted
    version: "1.14.11"
  convert:
    dependency: transitive
    description:
      name: convert
      url: "https://pub.dartlang.org"
    source: hosted
    version: "2.1.1"
  crypto:
    dependency: transitive
    description:
      name: crypto
      url: "https://pub.dartlang.org"
    source: hosted
    version: "2.0.6"
  flutter:
    dependency: "direct main"
    description: flutter
    source: sdk
    version: "0.0.0"
  meta:
    dependency: transitive
    description:
      name: meta
      url: "https://pub.dartlang.org"
    source: hosted
    version: "1.1.6"
  path_provider:
    dependency: transitive
    description:
      name: path_provider
      url: "https://pub.dartlang.org"
    source: hosted
    version: "1.1.0"
  sky_engine:
    dependency: transitive
    description: flutter
    source: sdk
    version: "0.0.99"
  typed_data:
    dependency: transitive
    description:
      name: typed_data
      url: "https://pub.dartlang.org"
    source: hosted
    version: "1.1.6"
  uuid:
    dependency: transitive
    description:
      name: uuid
      url: "https://pub.dartlang.org"
    source: hosted
    version: "2.0.2"
  vector_math:
    dependency: transitive
    description:
      name: vector_math
      url: "https://pub.dartlang.org"
    source: hosted
    version: "2.0.8"
sdks:
  dart: ">=2.1.0 <3.0.0"
  flutter: ">=0.1.4 <2.0.0"
